{
  "name": "testapp-get-index",
  "requires": true,
  "lockfileVersion": 1,
  "dependencies": {
    "@architect/proxy-plugin-jsx": {
      "version": "1.0.0",
      "resolved": "https://registry.npmjs.org/@architect/proxy-plugin-jsx/-/proxy-plugin-jsx-1.0.0.tgz",
      "integrity": "sha512-HU/v/cXPi5cJPbv1YNVYBh8emnkNP5AobDOGfMVV6WtyLWrdsiwcQZR8Ip/41ZCEzbfjtJVHjeQg+hO9zRdMzw=="
    }
  }
}
